
Microsoft Visual Studio Solution File, Format Version 12.00
# Visual Studio Version 17
VisualStudioVersion = 17.10.34928.147
MinimumVisualStudioVersion = 10.0.40219.1
Project("{9A19103F-16F7-4668-BE54-9A1E7A4F7556}") = "ViewerTest2", "ViewerTest2\ViewerTest2.csproj", "{1AAB8BB9-FCC3-41AC-8711-8674F7CB2F5F}"
EndProject
Project("{9A19103F-16F7-4668-BE54-9A1E7A4F7556}") = "IGX.Structure", "IGX.ContactAnalysis\IGX.Structure.csproj", "{196B8C90-96FD-4CFD-9911-6BEACAF2026A}"
EndProject
Project("{9A19103F-16F7-4668-BE54-9A1E7A4F7556}") = "IGX.Geometry", "IGX.Geometry\IGX.Geometry.csproj", "{15FC0BF4-0C62-402E-82FA-2A72448BCCBF}"
EndProject
Project("{9A19103F-16F7-4668-BE54-9A1E7A4F7556}") = "IGX.Loader", "IGX.Loader\IGX.Loader.csproj", "{32462DA3-2315-49B1-B3FE-3B558C9A2DBD}"
EndProject
Project("{9A19103F-16F7-4668-BE54-9A1E7A4F7556}") = "IGX.ViewControl", "IGX.ViewControl\IGX.ViewControl.csproj", "{06BCE667-575E-4202-B28C-07C8B3DF36AB}"
EndProject
Global
	GlobalSection(SolutionConfigurationPlatforms) = preSolution
		Debug|Any CPU = Debug|Any CPU
		Release|Any CPU = Release|Any CPU
	EndGlobalSection
	GlobalSection(ProjectConfigurationPlatforms) = postSolution
		{1AAB8BB9-FCC3-41AC-8711-8674F7CB2F5F}.Debug|Any CPU.ActiveCfg = Debug|Any CPU
		{1AAB8BB9-FCC3-41AC-8711-8674F7CB2F5F}.Debug|Any CPU.Build.0 = Debug|Any CPU
		{1AAB8BB9-FCC3-41AC-8711-8674F7CB2F5F}.Release|Any CPU.ActiveCfg = Release|Any CPU
		{1AAB8BB9-FCC3-41AC-8711-8674F7CB2F5F}.Release|Any CPU.Build.0 = Release|Any CPU
		{196B8C90-96FD-4CFD-9911-6BEACAF2026A}.Debug|Any CPU.ActiveCfg = Debug|Any CPU
		{196B8C90-96FD-4CFD-9911-6BEACAF2026A}.Debug|Any CPU.Build.0 = Debug|Any CPU
		{196B8C90-96FD-4CFD-9911-6BEACAF2026A}.Release|Any CPU.ActiveCfg = Release|Any CPU
		{196B8C90-96FD-4CFD-9911-6BEACAF2026A}.Release|Any CPU.Build.0 = Release|Any CPU
		{15FC0BF4-0C62-402E-82FA-2A72448BCCBF}.Debug|Any CPU.ActiveCfg = Debug|Any CPU
		{15FC0BF4-0C62-402E-82FA-2A72448BCCBF}.Debug|Any CPU.Build.0 = Debug|Any CPU
		{15FC0BF4-0C62-402E-82FA-2A72448BCCBF}.Release|Any CPU.ActiveCfg = Release|Any CPU
		{15FC0BF4-0C62-402E-82FA-2A72448BCCBF}.Release|Any CPU.Build.0 = Release|Any CPU
		{32462DA3-2315-49B1-B3FE-3B558C9A2DBD}.Debug|Any CPU.ActiveCfg = Debug|Any CPU
		{32462DA3-2315-49B1-B3FE-3B558C9A2DBD}.Debug|Any CPU.Build.0 = Debug|Any CPU
		{32462DA3-2315-49B1-B3FE-3B558C9A2DBD}.Release|Any CPU.ActiveCfg = Release|Any CPU
		{32462DA3-2315-49B1-B3FE-3B558C9A2DBD}.Release|Any CPU.Build.0 = Release|Any CPU
		{06BCE667-575E-4202-B28C-07C8B3DF36AB}.Debug|Any CPU.ActiveCfg = Debug|Any CPU
		{06BCE667-575E-4202-B28C-07C8B3DF36AB}.Debug|Any CPU.Build.0 = Debug|Any CPU
		{06BCE667-575E-4202-B28C-07C8B3DF36AB}.Release|Any CPU.ActiveCfg = Release|Any CPU
		{06BCE667-575E-4202-B28C-07C8B3DF36AB}.Release|Any CPU.Build.0 = Release|Any CPU
	EndGlobalSection
	GlobalSection(SolutionProperties) = preSolution
		HideSolutionNode = FALSE
	EndGlobalSection
	GlobalSection(ExtensibilityGlobals) = postSolution
		SolutionGuid = {3C154C7F-311B-48F8-A17D-E47C379253E4}
	EndGlobalSection
EndGlobal
